// !$*UTF8*$!
{
	archiveVersion = 1;
	classes = {
	};
	objectVersion = 46;
	objects = {

/* Begin PBXBuildFile section */
		3DE706DB71514EB49367939B /* libPods.a in Frameworks */ = {isa = PBXBuildFile; fileRef = 4EBA6037BB6F4707A9233A51 /* libPods.a */; };
		566BC2411931B16800E99813 /* UIKit.framework in Frameworks */ = {isa = PBXBuildFile; fileRef = 566BC2401931B16800E99813 /* UIKit.framework */; };
		566BC2431931B16800E99813 /* Foundation.framework in Frameworks */ = {isa = PBXBuildFile; fileRef = 566BC2421931B16800E99813 /* Foundation.framework */; };
		566BC2451931B16800E99813 /* CoreGraphics.framework in Frameworks */ = {isa = PBXBuildFile; fileRef = 566BC2441931B16800E99813 /* CoreGraphics.framework */; };
		566BC24B1931B16800E99813 /* InfoPlist.strings in Resources */ = {isa = PBXBuildFile; fileRef = 566BC2491931B16800E99813 /* InfoPlist.strings */; };
		566BC24D1931B16800E99813 /* main.m in Sources */ = {isa = PBXBuildFile; fileRef = 566BC24C1931B16800E99813 /* main.m */; };
		566BC2511931B16800E99813 /* AppDelegate.m in Sources */ = {isa = PBXBuildFile; fileRef = 566BC2501931B16800E99813 /* AppDelegate.m */; };
		566BC2531931B16800E99813 /* Default.png in Resources */ = {isa = PBXBuildFile; fileRef = 566BC2521931B16800E99813 /* Default.png */; };
		566BC2551931B16800E99813 /* Default@2x.png in Resources */ = {isa = PBXBuildFile; fileRef = 566BC2541931B16800E99813 /* Default@2x.png */; };
		566BC2571931B16800E99813 /* Default-568h@2x.png in Resources */ = {isa = PBXBuildFile; fileRef = 566BC2561931B16800E99813 /* Default-568h@2x.png */; };
		566BC2661931B16900E99813 /* UIKit.framework in Frameworks */ = {isa = PBXBuildFile; fileRef = 566BC2401931B16800E99813 /* UIKit.framework */; };
		566BC2671931B16900E99813 /* Foundation.framework in Frameworks */ = {isa = PBXBuildFile; fileRef = 566BC2421931B16800E99813 /* Foundation.framework */; };
		566BC26F1931B16900E99813 /* InfoPlist.strings in Resources */ = {isa = PBXBuildFile; fileRef = 566BC26D1931B16900E99813 /* InfoPlist.strings */; };
		566BC2721931B16900E99813 /* WeatherTests.m in Sources */ = {isa = PBXBuildFile; fileRef = 566BC2711931B16900E99813 /* WeatherTests.m */; };
		566BC27E1931C0FF00E99813 /* WTCityMainViewController.m in Sources */ = {isa = PBXBuildFile; fileRef = 566BC27C1931C0FF00E99813 /* WTCityMainViewController.m */; };
		566BC27F1931C0FF00E99813 /* WTCityMainViewController.xib in Resources */ = {isa = PBXBuildFile; fileRef = 566BC27D1931C0FF00E99813 /* WTCityMainViewController.xib */; };
		566BC2851931FF6000E99813 /* WTCityInfoCellView.xib in Resources */ = {isa = PBXBuildFile; fileRef = 566BC2841931FF6000E99813 /* WTCityInfoCellView.xib */; };
		569771A119444435006FD282 /* WTCityDetailInfoView.xib in Resources */ = {isa = PBXBuildFile; fileRef = 569771A019444435006FD282 /* WTCityDetailInfoView.xib */; };
		56B116DE195538D200C6D563 /* WTClient.m in Sources */ = {isa = PBXBuildFile; fileRef = 56B116D9195538D200C6D563 /* WTClient.m */; };
		56B116DF195538D200C6D563 /* WTDataModel.m in Sources */ = {isa = PBXBuildFile; fileRef = 56B116DB195538D200C6D563 /* WTDataModel.m */; };
		56B116E0195538D200C6D563 /* WTManager.m in Sources */ = {isa = PBXBuildFile; fileRef = 56B116DD195538D200C6D563 /* WTManager.m */; };
		56B116E21955391700C6D563 /* CoreLocation.framework in Frameworks */ = {isa = PBXBuildFile; fileRef = 56B116E11955391700C6D563 /* CoreLocation.framework */; };
		6D3516B21933011B00A751B8 /* bg.png in Resources */ = {isa = PBXBuildFile; fileRef = 6D3516B11933011B00A751B8 /* bg.png */; };
		6D44AEDB19378E8D0093FFEF /* c.png in Resources */ = {isa = PBXBuildFile; fileRef = 6D44AED919378E8D0093FFEF /* c.png */; };
		6D44AEDC19378E8D0093FFEF /* f.png in Resources */ = {isa = PBXBuildFile; fileRef = 6D44AEDA19378E8D0093FFEF /* f.png */; };
/* End PBXBuildFile section */

/* Begin PBXContainerItemProxy section */
		566BC2681931B16900E99813 /* PBXContainerItemProxy */ = {
			isa = PBXContainerItemProxy;
			containerPortal = 566BC2351931B16800E99813 /* Project object */;
			proxyType = 1;
			remoteGlobalIDString = 566BC23C1931B16800E99813;
			remoteInfo = Weather;
		};
/* End PBXContainerItemProxy section */

/* Begin PBXFileReference section */
		4EBA6037BB6F4707A9233A51 /* libPods.a */ = {isa = PBXFileReference; explicitFileType = archive.ar; includeInIndex = 0; path = libPods.a; sourceTree = BUILT_PRODUCTS_DIR; };
		566BC23D1931B16800E99813 /* Weather.app */ = {isa = PBXFileReference; explicitFileType = wrapper.application; includeInIndex = 0; path = Weather.app; sourceTree = BUILT_PRODUCTS_DIR; };
		566BC2401931B16800E99813 /* UIKit.framework */ = {isa = PBXFileReference; lastKnownFileType = wrapper.framework; name = UIKit.framework; path = System/Library/Frameworks/UIKit.framework; sourceTree = SDKROOT; };
		566BC2421931B16800E99813 /* Foundation.framework */ = {isa = PBXFileReference; lastKnownFileType = wrapper.framework; name = Foundation.framework; path = System/Library/Frameworks/Foundation.framework; sourceTree = SDKROOT; };
		566BC2441931B16800E99813 /* CoreGraphics.framework */ = {isa = PBXFileReference; lastKnownFileType = wrapper.framework; name = CoreGraphics.framework; path = System/Library/Frameworks/CoreGraphics.framework; sourceTree = SDKROOT; };
		566BC2481931B16800E99813 /* Weather-Info.plist */ = {isa = PBXFileReference; lastKnownFileType = text.plist.xml; path = "Weather-Info.plist"; sourceTree = "<group>"; };
		566BC24A1931B16800E99813 /* en */ = {isa = PBXFileReference; lastKnownFileType = text.plist.strings; name = en; path = en.lproj/InfoPlist.strings; sourceTree = "<group>"; };
		566BC24C1931B16800E99813 /* main.m */ = {isa = PBXFileReference; lastKnownFileType = sourcecode.c.objc; path = main.m; sourceTree = "<group>"; };
		566BC24E1931B16800E99813 /* Weather-Prefix.pch */ = {isa = PBXFileReference; lastKnownFileType = sourcecode.c.h; path = "Weather-Prefix.pch"; sourceTree = "<group>"; };
		566BC24F1931B16800E99813 /* AppDelegate.h */ = {isa = PBXFileReference; lastKnownFileType = sourcecode.c.h; path = AppDelegate.h; sourceTree = "<group>"; };
		566BC2501931B16800E99813 /* AppDelegate.m */ = {isa = PBXFileReference; lastKnownFileType = sourcecode.c.objc; path = AppDelegate.m; sourceTree = "<group>"; };
		566BC2521931B16800E99813 /* Default.png */ = {isa = PBXFileReference; lastKnownFileType = image.png; path = Default.png; sourceTree = "<group>"; };
		566BC2541931B16800E99813 /* Default@2x.png */ = {isa = PBXFileReference; lastKnownFileType = image.png; path = "Default@2x.png"; sourceTree = "<group>"; };
		566BC2561931B16800E99813 /* Default-568h@2x.png */ = {isa = PBXFileReference; lastKnownFileType = image.png; path = "Default-568h@2x.png"; sourceTree = "<group>"; };
		566BC2631931B16800E99813 /* WeatherTests.xctest */ = {isa = PBXFileReference; explicitFileType = wrapper.cfbundle; includeInIndex = 0; path = WeatherTests.xctest; sourceTree = BUILT_PRODUCTS_DIR; };
		566BC26C1931B16900E99813 /* WeatherTests-Info.plist */ = {isa = PBXFileReference; lastKnownFileType = text.plist.xml; path = "WeatherTests-Info.plist"; sourceTree = "<group>"; };
		566BC26E1931B16900E99813 /* en */ = {isa = PBXFileReference; lastKnownFileType = text.plist.strings; name = en; path = en.lproj/InfoPlist.strings; sourceTree = "<group>"; };
		566BC2701931B16900E99813 /* WeatherTests.h */ = {isa = PBXFileReference; lastKnownFileType = sourcecode.c.h; path = WeatherTests.h; sourceTree = "<group>"; };
		566BC2711931B16900E99813 /* WeatherTests.m */ = {isa = PBXFileReference; lastKnownFileType = sourcecode.c.objc; path = WeatherTests.m; sourceTree = "<group>"; };
		566BC27B1931C0FF00E99813 /* WTCityMainViewController.h */ = {isa = PBXFileReference; fileEncoding = 4; lastKnownFileType = sourcecode.c.h; path = WTCityMainViewController.h; sourceTree = "<group>"; };
		566BC27C1931C0FF00E99813 /* WTCityMainViewController.m */ = {isa = PBXFileReference; fileEncoding = 4; lastKnownFileType = sourcecode.c.objc; path = WTCityMainViewController.m; sourceTree = "<group>"; };
		566BC27D1931C0FF00E99813 /* WTCityMainViewController.xib */ = {isa = PBXFileReference; fileEncoding = 4; lastKnownFileType = file.xib; path = WTCityMainViewController.xib; sourceTree = "<group>"; };
		566BC2841931FF6000E99813 /* WTCityInfoCellView.xib */ = {isa = PBXFileReference; fileEncoding = 4; lastKnownFileType = file.xib; path = WTCityInfoCellView.xib; sourceTree = "<group>"; };
		569771A019444435006FD282 /* WTCityDetailInfoView.xib */ = {isa = PBXFileReference; fileEncoding = 4; lastKnownFileType = file.xib; path = WTCityDetailInfoView.xib; sourceTree = "<group>"; };
		56B116D8195538D200C6D563 /* WTClient.h */ = {isa = PBXFileReference; fileEncoding = 4; lastKnownFileType = sourcecode.c.h; path = WTClient.h; sourceTree = "<group>"; };
		56B116D9195538D200C6D563 /* WTClient.m */ = {isa = PBXFileReference; fileEncoding = 4; lastKnownFileType = sourcecode.c.objc; path = WTClient.m; sourceTree = "<group>"; };
		56B116DA195538D200C6D563 /* WTDataModel.h */ = {isa = PBXFileReference; fileEncoding = 4; lastKnownFileType = sourcecode.c.h; path = WTDataModel.h; sourceTree = "<group>"; };
		56B116DB195538D200C6D563 /* WTDataModel.m */ = {isa = PBXFileReference; fileEncoding = 4; lastKnownFileType = sourcecode.c.objc; path = WTDataModel.m; sourceTree = "<group>"; };
		56B116DC195538D200C6D563 /* WTManager.h */ = {isa = PBXFileReference; fileEncoding = 4; lastKnownFileType = sourcecode.c.h; path = WTManager.h; sourceTree = "<group>"; };
		56B116DD195538D200C6D563 /* WTManager.m */ = {isa = PBXFileReference; fileEncoding = 4; lastKnownFileType = sourcecode.c.objc; path = WTManager.m; sourceTree = "<group>"; };
		56B116E11955391700C6D563 /* CoreLocation.framework */ = {isa = PBXFileReference; lastKnownFileType = wrapper.framework; name = CoreLocation.framework; path = System/Library/Frameworks/CoreLocation.framework; sourceTree = SDKROOT; };
		6D3516B11933011B00A751B8 /* bg.png */ = {isa = PBXFileReference; lastKnownFileType = image.png; path = bg.png; sourceTree = "<group>"; };
		6D44AED919378E8D0093FFEF /* c.png */ = {isa = PBXFileReference; lastKnownFileType = image.png; path = c.png; sourceTree = "<group>"; };
		6D44AEDA19378E8D0093FFEF /* f.png */ = {isa = PBXFileReference; lastKnownFileType = image.png; path = f.png; sourceTree = "<group>"; };
		7B80B79A9F6F423C97298C65 /* Pods.xcconfig */ = {isa = PBXFileReference; includeInIndex = 1; lastKnownFileType = text.xcconfig; name = Pods.xcconfig; path = Pods/Pods.xcconfig; sourceTree = "<group>"; };
/* End PBXFileReference section */

/* Begin PBXFrameworksBuildPhase section */
		566BC23A1931B16800E99813 /* Frameworks */ = {
			isa = PBXFrameworksBuildPhase;
			buildActionMask = 2147483647;
			files = (
				56B116E21955391700C6D563 /* CoreLocation.framework in Frameworks */,
				566BC2411931B16800E99813 /* UIKit.framework in Frameworks */,
				566BC2431931B16800E99813 /* Foundation.framework in Frameworks */,
				566BC2451931B16800E99813 /* CoreGraphics.framework in Frameworks */,
				3DE706DB71514EB49367939B /* libPods.a in Frameworks */,
			);
			runOnlyForDeploymentPostprocessing = 0;
		};
		566BC25F1931B16800E99813 /* Frameworks */ = {
			isa = PBXFrameworksBuildPhase;
			buildActionMask = 2147483647;
			files = (
				566BC2661931B16900E99813 /* UIKit.framework in Frameworks */,
				566BC2671931B16900E99813 /* Foundation.framework in Frameworks */,
			);
			runOnlyForDeploymentPostprocessing = 0;
		};
/* End PBXFrameworksBuildPhase section */

/* Begin PBXGroup section */
		566BC2341931B16800E99813 = {
			isa = PBXGroup;
			children = (
				566BC2461931B16800E99813 /* Weather */,
				566BC26A1931B16900E99813 /* WeatherTests */,
				566BC23F1931B16800E99813 /* Frameworks */,
				566BC23E1931B16800E99813 /* Products */,
				7B80B79A9F6F423C97298C65 /* Pods.xcconfig */,
			);
			sourceTree = "<group>";
		};
		566BC23E1931B16800E99813 /* Products */ = {
			isa = PBXGroup;
			children = (
				566BC23D1931B16800E99813 /* Weather.app */,
				566BC2631931B16800E99813 /* WeatherTests.xctest */,
			);
			name = Products;
			sourceTree = "<group>";
		};
		566BC23F1931B16800E99813 /* Frameworks */ = {
			isa = PBXGroup;
			children = (
				56B116E11955391700C6D563 /* CoreLocation.framework */,
				566BC2401931B16800E99813 /* UIKit.framework */,
				566BC2421931B16800E99813 /* Foundation.framework */,
				566BC2441931B16800E99813 /* CoreGraphics.framework */,
				4EBA6037BB6F4707A9233A51 /* libPods.a */,
			);
			name = Frameworks;
			sourceTree = "<group>";
		};
		566BC2461931B16800E99813 /* Weather */ = {
			isa = PBXGroup;
			children = (
				56B116D519552D7200C6D563 /* Controller */,
				56B116D719552D8100C6D563 /* View */,
				56B116D619552D7B00C6D563 /* Model */,
				6D3516B01933011B00A751B8 /* Resource */,
				566BC24F1931B16800E99813 /* AppDelegate.h */,
				566BC2501931B16800E99813 /* AppDelegate.m */,
				566BC2471931B16800E99813 /* Supporting Files */,
			);
			path = Weather;
			sourceTree = "<group>";
		};
		566BC2471931B16800E99813 /* Supporting Files */ = {
			isa = PBXGroup;
			children = (
				566BC2481931B16800E99813 /* Weather-Info.plist */,
				566BC2491931B16800E99813 /* InfoPlist.strings */,
				566BC24C1931B16800E99813 /* main.m */,
				566BC24E1931B16800E99813 /* Weather-Prefix.pch */,
				566BC2521931B16800E99813 /* Default.png */,
				566BC2541931B16800E99813 /* Default@2x.png */,
				566BC2561931B16800E99813 /* Default-568h@2x.png */,
			);
			name = "Supporting Files";
			sourceTree = "<group>";
		};
		566BC26A1931B16900E99813 /* WeatherTests */ = {
			isa = PBXGroup;
			children = (
				566BC2701931B16900E99813 /* WeatherTests.h */,
				566BC2711931B16900E99813 /* WeatherTests.m */,
				566BC26B1931B16900E99813 /* Supporting Files */,
			);
			path = WeatherTests;
			sourceTree = "<group>";
		};
		566BC26B1931B16900E99813 /* Supporting Files */ = {
			isa = PBXGroup;
			children = (
				566BC26C1931B16900E99813 /* WeatherTests-Info.plist */,
				566BC26D1931B16900E99813 /* InfoPlist.strings */,
			);
			name = "Supporting Files";
			sourceTree = "<group>";
		};
		56B116D519552D7200C6D563 /* Controller */ = {
			isa = PBXGroup;
			children = (
				566BC27B1931C0FF00E99813 /* WTCityMainViewController.h */,
				566BC27C1931C0FF00E99813 /* WTCityMainViewController.m */,
			);
			name = Controller;
			sourceTree = "<group>";
		};
		56B116D619552D7B00C6D563 /* Model */ = {
			isa = PBXGroup;
			children = (
				56B116D8195538D200C6D563 /* WTClient.h */,
				56B116D9195538D200C6D563 /* WTClient.m */,
				56B116DA195538D200C6D563 /* WTDataModel.h */,
				56B116DB195538D200C6D563 /* WTDataModel.m */,
				56B116DC195538D200C6D563 /* WTManager.h */,
				56B116DD195538D200C6D563 /* WTManager.m */,
			);
			name = Model;
			sourceTree = "<group>";
		};
		56B116D719552D8100C6D563 /* View */ = {
			isa = PBXGroup;
			children = (
				566BC27D1931C0FF00E99813 /* WTCityMainViewController.xib */,
				566BC2841931FF6000E99813 /* WTCityInfoCellView.xib */,
				569771A019444435006FD282 /* WTCityDetailInfoView.xib */,
			);
			name = View;
			sourceTree = "<group>";
		};
		6D3516B01933011B00A751B8 /* Resource */ = {
			isa = PBXGroup;
			children = (
				6D44AED919378E8D0093FFEF /* c.png */,
				6D44AEDA19378E8D0093FFEF /* f.png */,
				6D3516B11933011B00A751B8 /* bg.png */,
			);
			path = Resource;
			sourceTree = "<group>";
		};
/* End PBXGroup section */

/* Begin PBXNativeTarget section */
		566BC23C1931B16800E99813 /* Weather */ = {
			isa = PBXNativeTarget;
			buildConfigurationList = 566BC2751931B16900E99813 /* Build configuration list for PBXNativeTarget "Weather" */;
			buildPhases = (
				C885145F792A456C99136BC1 /* Check Pods Manifest.lock */,
				566BC2391931B16800E99813 /* Sources */,
				566BC23A1931B16800E99813 /* Frameworks */,
				566BC23B1931B16800E99813 /* Resources */,
				69666657E2604E53B095B420 /* Copy Pods Resources */,
			);
			buildRules = (
			);
			dependencies = (
			);
			name = Weather;
			productName = Weather;
			productReference = 566BC23D1931B16800E99813 /* Weather.app */;
			productType = "com.apple.product-type.application";
		};
		566BC2621931B16800E99813 /* WeatherTests */ = {
			isa = PBXNativeTarget;
			buildConfigurationList = 566BC2781931B16900E99813 /* Build configuration list for PBXNativeTarget "WeatherTests" */;
			buildPhases = (
				566BC25E1931B16800E99813 /* Sources */,
				566BC25F1931B16800E99813 /* Frameworks */,
				566BC2601931B16800E99813 /* Resources */,
				566BC2611931B16800E99813 /* ShellScript */,
			);
			buildRules = (
			);
			dependencies = (
				566BC2691931B16900E99813 /* PBXTargetDependency */,
			);
			name = WeatherTests;
			productName = WeatherTests;
			productReference = 566BC2631931B16800E99813 /* WeatherTests.xctest */;
			productType = "com.apple.product-type.bundle.unit-test";
		};
/* End PBXNativeTarget section */

/* Begin PBXProject section */
		566BC2351931B16800E99813 /* Project object */ = {
			isa = PBXProject;
			attributes = {
				LastTestingUpgradeCheck = 0600;
				LastUpgradeCheck = 0460;
				ORGANIZATIONNAME = zzyy;
			};
			buildConfigurationList = 566BC2381931B16800E99813 /* Build configuration list for PBXProject "Weather" */;
			compatibilityVersion = "Xcode 3.2";
			developmentRegion = English;
			hasScannedForEncodings = 0;
			knownRegions = (
				en,
			);
			mainGroup = 566BC2341931B16800E99813;
			productRefGroup = 566BC23E1931B16800E99813 /* Products */;
			projectDirPath = "";
			projectRoot = "";
			targets = (
				566BC23C1931B16800E99813 /* Weather */,
				566BC2621931B16800E99813 /* WeatherTests */,
			);
		};
/* End PBXProject section */

/* Begin PBXResourcesBuildPhase section */
		566BC23B1931B16800E99813 /* Resources */ = {
			isa = PBXResourcesBuildPhase;
			buildActionMask = 2147483647;
			files = (
				566BC24B1931B16800E99813 /* InfoPlist.strings in Resources */,
				566BC2531931B16800E99813 /* Default.png in Resources */,
				566BC2551931B16800E99813 /* Default@2x.png in Resources */,
				566BC2571931B16800E99813 /* Default-568h@2x.png in Resources */,
				566BC27F1931C0FF00E99813 /* WTCityMainViewController.xib in Resources */,
				566BC2851931FF6000E99813 /* WTCityInfoCellView.xib in Resources */,
				6D3516B21933011B00A751B8 /* bg.png in Resources */,
				6D44AEDB19378E8D0093FFEF /* c.png in Resources */,
				6D44AEDC19378E8D0093FFEF /* f.png in Resources */,
				569771A119444435006FD282 /* WTCityDetailInfoView.xib in Resources */,
			);
			runOnlyForDeploymentPostprocessing = 0;
		};
		566BC2601931B16800E99813 /* Resources */ = {
			isa = PBXResourcesBuildPhase;
			buildActionMask = 2147483647;
			files = (
				566BC26F1931B16900E99813 /* InfoPlist.strings in Resources */,
			);
			runOnlyForDeploymentPostprocessing = 0;
		};
/* End PBXResourcesBuildPhase section */

/* Begin PBXShellScriptBuildPhase section */
		566BC2611931B16800E99813 /* ShellScript */ = {
			isa = PBXShellScriptBuildPhase;
			buildActionMask = 2147483647;
			files = (
			);
			inputPaths = (
			);
			outputPaths = (
			);
			runOnlyForDeploymentPostprocessing = 0;
			shellPath = /bin/sh;
			shellScript = "# Run the unit tests in this test bundle.\n\"${SYSTEM_DEVELOPER_DIR}/Tools/RunUnitTests\"\n";
		};
		69666657E2604E53B095B420 /* Copy Pods Resources */ = {
			isa = PBXShellScriptBuildPhase;
			buildActionMask = 2147483647;
			files = (
			);
			inputPaths = (
			);
			name = "Copy Pods Resources";
			outputPaths = (
			);
			runOnlyForDeploymentPostprocessing = 0;
			shellPath = /bin/sh;
			shellScript = "\"${SRCROOT}/Pods/Pods-resources.sh\"\n";
			showEnvVarsInLog = 0;
		};
		C885145F792A456C99136BC1 /* Check Pods Manifest.lock */ = {
			isa = PBXShellScriptBuildPhase;
			buildActionMask = 2147483647;
			files = (
			);
			inputPaths = (
			);
			name = "Check Pods Manifest.lock";
			outputPaths = (
			);
			runOnlyForDeploymentPostprocessing = 0;
			shellPath = /bin/sh;
			shellScript = "diff \"${PODS_ROOT}/../Podfile.lock\" \"${PODS_ROOT}/Manifest.lock\" > /dev/null\nif [[ $? != 0 ]] ; then\n    cat << EOM\nerror: The sandbox is not in sync with the Podfile.lock. Run 'pod install' or update your CocoaPods installation.\nEOM\n    exit 1\nfi\n";
			showEnvVarsInLog = 0;
		};
/* End PBXShellScriptBuildPhase section */

/* Begin PBXSourcesBuildPhase section */
		566BC2391931B16800E99813 /* Sources */ = {
			isa = PBXSourcesBuildPhase;
			buildActionMask = 2147483647;
			files = (
				56B116E0195538D200C6D563 /* WTManager.m in Sources */,
				566BC24D1931B16800E99813 /* main.m in Sources */,
				566BC2511931B16800E99813 /* AppDelegate.m in Sources */,
				56B116DE195538D200C6D563 /* WTClient.m in Sources */,
				566BC27E1931C0FF00E99813 /* WTCityMainViewController.m in Sources */,
				56B116DF195538D200C6D563 /* WTDataModel.m in Sources */,
			);
			runOnlyForDeploymentPostprocessing = 0;
		};
		566BC25E1931B16800E99813 /* Sources */ = {
			isa = PBXSourcesBuildPhase;
			buildActionMask = 2147483647;
			files = (
				566BC2721931B16900E99813 /* WeatherTests.m in Sources */,
			);
			runOnlyForDeploymentPostprocessing = 0;
		};
/* End PBXSourcesBuildPhase section */

/* Begin PBXTargetDependency section */
		566BC2691931B16900E99813 /* PBXTargetDependency */ = {
			isa = PBXTargetDependency;
			target = 566BC23C1931B16800E99813 /* Weather */;
			targetProxy = 566BC2681931B16900E99813 /* PBXContainerItemProxy */;
		};
/* End PBXTargetDependency section */

/* Begin PBXVariantGroup section */
		566BC2491931B16800E99813 /* InfoPlist.strings */ = {
			isa = PBXVariantGroup;
			children = (
				566BC24A1931B16800E99813 /* en */,
			);
			name = InfoPlist.strings;
			sourceTree = "<group>";
		};
		566BC26D1931B16900E99813 /* InfoPlist.strings */ = {
			isa = PBXVariantGroup;
			children = (
				566BC26E1931B16900E99813 /* en */,
			);
			name = InfoPlist.strings;
			sourceTree = "<group>";
		};
/* End PBXVariantGroup section */

/* Begin XCBuildConfiguration section */
		566BC2731931B16900E99813 /* Debug */ = {
			isa = XCBuildConfiguration;
			buildSettings = {
				ALWAYS_SEARCH_USER_PATHS = NO;
				CLANG_CXX_LANGUAGE_STANDARD = "gnu++0x";
				CLANG_CXX_LIBRARY = "libc++";
				CLANG_WARN_CONSTANT_CONVERSION = YES;
				CLANG_WARN_EMPTY_BODY = YES;
				CLANG_WARN_ENUM_CONVERSION = YES;
				CLANG_WARN_INT_CONVERSION = YES;
				CLANG_WARN__DUPLICATE_METHOD_MATCH = YES;
				"CODE_SIGN_IDENTITY[sdk=iphoneos*]" = "iPhone Developer";
				COPY_PHASE_STRIP = NO;
				GCC_C_LANGUAGE_STANDARD = gnu99;
				GCC_DYNAMIC_NO_PIC = NO;
				GCC_OPTIMIZATION_LEVEL = 0;
				GCC_PREPROCESSOR_DEFINITIONS = (
					"DEBUG=1",
					"$(inherited)",
				);
				GCC_SYMBOLS_PRIVATE_EXTERN = NO;
				GCC_WARN_ABOUT_RETURN_TYPE = YES;
				GCC_WARN_UNINITIALIZED_AUTOS = YES;
				GCC_WARN_UNUSED_VARIABLE = YES;
				IPHONEOS_DEPLOYMENT_TARGET = 6.1;
				ONLY_ACTIVE_ARCH = YES;
				SDKROOT = iphoneos;
			};
			name = Debug;
		};
		566BC2741931B16900E99813 /* Release */ = {
			isa = XCBuildConfiguration;
			buildSettings = {
				ALWAYS_SEARCH_USER_PATHS = NO;
				CLANG_CXX_LANGUAGE_STANDARD = "gnu++0x";
				CLANG_CXX_LIBRARY = "libc++";
				CLANG_WARN_CONSTANT_CONVERSION = YES;
				CLANG_WARN_EMPTY_BODY = YES;
				CLANG_WARN_ENUM_CONVERSION = YES;
				CLANG_WARN_INT_CONVERSION = YES;
				CLANG_WARN__DUPLICATE_METHOD_MATCH = YES;
				"CODE_SIGN_IDENTITY[sdk=iphoneos*]" = "iPhone Developer";
				COPY_PHASE_STRIP = YES;
				GCC_C_LANGUAGE_STANDARD = gnu99;
				GCC_WARN_ABOUT_RETURN_TYPE = YES;
				GCC_WARN_UNINITIALIZED_AUTOS = YES;
				GCC_WARN_UNUSED_VARIABLE = YES;
				IPHONEOS_DEPLOYMENT_TARGET = 6.1;
				OTHER_CFLAGS = "-DNS_BLOCK_ASSERTIONS=1";
				SDKROOT = iphoneos;
				VALIDATE_PRODUCT = YES;
			};
			name = Release;
		};
		566BC2761931B16900E99813 /* Debug */ = {
			isa = XCBuildConfiguration;
			baseConfigurationReference = 7B80B79A9F6F423C97298C65 /* Pods.xcconfig */;
			buildSettings = {
				GCC_PRECOMPILE_PREFIX_HEADER = YES;
				GCC_PREFIX_HEADER = "Weather/Weather-Prefix.pch";
				INFOPLIST_FILE = "Weather/Weather-Info.plist";
				PRODUCT_NAME = "$(TARGET_NAME)";
				WRAPPER_EXTENSION = app;
			};
			name = Debug;
		};
		566BC2771931B16900E99813 /* Release */ = {
			isa = XCBuildConfiguration;
			baseConfigurationReference = 7B80B79A9F6F423C97298C65 /* Pods.xcconfig */;
			buildSettings = {
				GCC_PRECOMPILE_PREFIX_HEADER = YES;
				GCC_PREFIX_HEADER = "Weather/Weather-Prefix.pch";
				INFOPLIST_FILE = "Weather/Weather-Info.plist";
				PRODUCT_NAME = "$(TARGET_NAME)";
				WRAPPER_EXTENSION = app;
			};
			name = Release;
		};
		566BC2791931B16900E99813 /* Debug */ = {
			isa = XCBuildConfiguration;
			buildSettings = {
				BUNDLE_LOADER = "$(BUILT_PRODUCTS_DIR)/Weather.app/Weather";
				FRAMEWORK_SEARCH_PATHS = (
					"\"$(SDKROOT)/Developer/Library/Frameworks\"",
					"\"$(DEVELOPER_LIBRARY_DIR)/Frameworks\"",
					"$(inherited)",
				);
				GCC_PRECOMPILE_PREFIX_HEADER = YES;
				GCC_PREFIX_HEADER = "Weather/Weather-Prefix.pch";
				INFOPLIST_FILE = "WeatherTests/WeatherTests-Info.plist";
				PRODUCT_NAME = "$(TARGET_NAME)";
				TEST_HOST = "$(BUNDLE_LOADER)";
			};
			name = Debug;
		};
		566BC27A1931B16900E99813 /* Release */ = {
			isa = XCBuildConfiguration;
			buildSettings = {
				BUNDLE_LOADER = "$(BUILT_PRODUCTS_DIR)/Weather.app/Weather";
				FRAMEWORK_SEARCH_PATHS = (
					"\"$(SDKROOT)/Developer/Library/Frameworks\"",
					"\"$(DEVELOPER_LIBRARY_DIR)/Frameworks\"",
					"$(inherited)",
				);
				GCC_PRECOMPILE_PREFIX_HEADER = YES;
				GCC_PREFIX_HEADER = "Weather/Weather-Prefix.pch";
				INFOPLIST_FILE = "WeatherTests/WeatherTests-Info.plist";
				PRODUCT_NAME = "$(TARGET_NAME)";
				TEST_HOST = "$(BUNDLE_LOADER)";
			};
			name = Release;
		};
/* End XCBuildConfiguration section */

/* Begin XCConfigurationList section */
		566BC2381931B16800E99813 /* Build configuration list for PBXProject "Weather" */ = {
			isa = XCConfigurationList;
			buildConfigurations = (
				566BC2731931B16900E99813 /* Debug */,
				566BC2741931B16900E99813 /* Release */,
			);
			defaultConfigurationIsVisible = 0;
			defaultConfigurationName = Release;
		};
		566BC2751931B16900E99813 /* Build configuration list for PBXNativeTarget "Weather" */ = {
			isa = XCConfigurationList;
			buildConfigurations = (
				566BC2761931B16900E99813 /* Debug */,
				566BC2771931B16900E99813 /* Release */,
			);
			defaultConfigurationIsVisible = 0;
			defaultConfigurationName = Release;
		};
		566BC2781931B16900E99813 /* Build configuration list for PBXNativeTarget "WeatherTests" */ = {
			isa = XCConfigurationList;
			buildConfigurations = (
				566BC2791931B16900E99813 /* Debug */,
				566BC27A1931B16900E99813 /* Release */,
			);
			defaultConfigurationIsVisible = 0;
			defaultConfigurationName = Release;
		};
/* End XCConfigurationList section */
	};
	rootObject = 566BC2351931B16800E99813 /* Project object */;
}
